
Microsoft Visual Studio Solution File, Format Version 12.00
# Visual Studio Version 16
VisualStudioVersion = 16.0.29001.49
MinimumVisualStudioVersion = 10.0.40219.1
Project("{FAE04EC0-301F-11D3-BF4B-00C04F79EFBC}") = "MyConsoleMultiThreadTarget", "MyConsoleMultiThreadTarget\MyConsoleMultiThreadTarget.csproj", "{B06CFA7A-C46F-453D-B0CD-19B6FD4B1920}"
EndProject
Global
	GlobalSection(SolutionConfigurationPlatforms) = preSolution
		Debug|Any CPU = Debug|Any CPU
		Release|Any CPU = Release|Any CPU
	EndGlobalSection
	GlobalSection(ProjectConfigurationPlatforms) = postSolution
		{B06CFA7A-C46F-453D-B0CD-19B6FD4B1920}.Debug|Any CPU.ActiveCfg = Debug|Any CPU
		{B06CFA7A-C46F-453D-B0CD-19B6FD4B1920}.Debug|Any CPU.Build.0 = Debug|Any CPU
		{B06CFA7A-C46F-453D-B0CD-19B6FD4B1920}.Release|Any CPU.ActiveCfg = Release|Any CPU
		{B06CFA7A-C46F-453D-B0CD-19B6FD4B1920}.Release|Any CPU.Build.0 = Release|Any CPU
	EndGlobalSection
	GlobalSection(SolutionProperties) = preSolution
		HideSolutionNode = FALSE
	EndGlobalSection
	GlobalSection(ExtensibilityGlobals) = postSolution
		SolutionGuid = {DC4DAD8E-A079-44AA-8E2D-D599B62FDBCF}
	EndGlobalSection
EndGlobal
